// !$*UTF8*$!
{
	archiveVersion = 1;
	classes = {
	};
	objectVersion = 56;
	objects = {

/* Begin PBXBuildFile section */
		2B01002D2B36858300D0644D /* CommonButton.swift in Sources */ = {isa = PBXBuildFile; fileRef = 2B01002A2B36858300D0644D /* CommonButton.swift */; };
		2B01002E2B36858300D0644D /* RoundHeaderView.swift in Sources */ = {isa = PBXBuildFile; fileRef = 2B01002B2B36858300D0644D /* RoundHeaderView.swift */; };
		2B01002F2B36858300D0644D /* CommonCardView.swift in Sources */ = {isa = PBXBuildFile; fileRef = 2B01002C2B36858300D0644D /* CommonCardView.swift */; };
		2B0100312B36859500D0644D /* CreateOwnViewController.swift in Sources */ = {isa = PBXBuildFile; fileRef = 2B0100302B36859500D0644D /* CreateOwnViewController.swift */; };
		2B0100332B368C5D00D0644D /* ProfileOneViewController.swift in Sources */ = {isa = PBXBuildFile; fileRef = 2B0100322B368C5D00D0644D /* ProfileOneViewController.swift */; };
		2B0100352B36AC9400D0644D /* CalanderViewController.swift in Sources */ = {isa = PBXBuildFile; fileRef = 2B0100342B36AC9400D0644D /* CalanderViewController.swift */; };
		2B0100372B36AFCB00D0644D /* Utils.swift in Sources */ = {isa = PBXBuildFile; fileRef = 2B0100362B36AFCB00D0644D /* Utils.swift */; };
		2B0100392B36C06A00D0644D /* NavigatorBar.swift in Sources */ = {isa = PBXBuildFile; fileRef = 2B0100382B36C06A00D0644D /* NavigatorBar.swift */; };
		2B01003C2B36D57300D0644D /* japan_road_trip_shikoku_itineraire_etapes_carte_illustree.gif in Resources */ = {isa = PBXBuildFile; fileRef = 2B01003B2B36D57300D0644D /* japan_road_trip_shikoku_itineraire_etapes_carte_illustree.gif */; };
		2B01003E2B36D58F00D0644D /* LandingViewController.swift in Sources */ = {isa = PBXBuildFile; fileRef = 2B01003D2B36D58F00D0644D /* LandingViewController.swift */; };
		2BA5F3D02B37175E00393339 /* ProcessLoadingView.swift in Sources */ = {isa = PBXBuildFile; fileRef = 2BA5F3CF2B37175E00393339 /* ProcessLoadingView.swift */; };
		2BA5F3D22B371BD700393339 /* LoadingCardView.swift in Sources */ = {isa = PBXBuildFile; fileRef = 2BA5F3D12B371BD700393339 /* LoadingCardView.swift */; };
		4780B17F2B3451D000FFF891 /* UIView+cornerRadius.swift in Sources */ = {isa = PBXBuildFile; fileRef = 4780B17E2B3451D000FFF891 /* UIView+cornerRadius.swift */; };
		4780B1852B349A6700FFF891 /* ProfileTwoViewController.swift in Sources */ = {isa = PBXBuildFile; fileRef = 4780B1842B349A6700FFF891 /* ProfileTwoViewController.swift */; };
		4780B1892B34B26100FFF891 /* HomeViewController.swift in Sources */ = {isa = PBXBuildFile; fileRef = 4780B1882B34B26100FFF891 /* HomeViewController.swift */; };
		4780B18B2B34B2A200FFF891 /* GenerateViewController.swift in Sources */ = {isa = PBXBuildFile; fileRef = 4780B18A2B34B2A200FFF891 /* GenerateViewController.swift */; };
		4780B18D2B34DFC200FFF891 /* RouteListViewController.swift in Sources */ = {isa = PBXBuildFile; fileRef = 4780B18C2B34DFC200FFF891 /* RouteListViewController.swift */; };
		4780B18F2B34E17200FFF891 /* HitTestView.swift in Sources */ = {isa = PBXBuildFile; fileRef = 4780B18E2B34E17200FFF891 /* HitTestView.swift */; };
		4780B1912B34E5B100FFF891 /* ToolboxViewController.swift in Sources */ = {isa = PBXBuildFile; fileRef = 4780B1902B34E5B100FFF891 /* ToolboxViewController.swift */; };
		478529552B3829E00005FAC1 /* RestaurantViewController.swift in Sources */ = {isa = PBXBuildFile; fileRef = 478529542B3829E00005FAC1 /* RestaurantViewController.swift */; };
		47D9D0F12B32E01D00785291 /* AppDelegate.swift in Sources */ = {isa = PBXBuildFile; fileRef = 47D9D0F02B32E01D00785291 /* AppDelegate.swift */; };
		47D9D0F32B32E01D00785291 /* SceneDelegate.swift in Sources */ = {isa = PBXBuildFile; fileRef = 47D9D0F22B32E01D00785291 /* SceneDelegate.swift */; };
		47D9D0F52B32E01D00785291 /* ViewController.swift in Sources */ = {isa = PBXBuildFile; fileRef = 47D9D0F42B32E01D00785291 /* ViewController.swift */; };
		47D9D0F82B32E01D00785291 /* Main.storyboard in Resources */ = {isa = PBXBuildFile; fileRef = 47D9D0F62B32E01D00785291 /* Main.storyboard */; };
		47D9D0FA2B32E01E00785291 /* Assets.xcassets in Resources */ = {isa = PBXBuildFile; fileRef = 47D9D0F92B32E01E00785291 /* Assets.xcassets */; };
		47D9D0FD2B32E01E00785291 /* LaunchScreen.storyboard in Resources */ = {isa = PBXBuildFile; fileRef = 47D9D0FB2B32E01E00785291 /* LaunchScreen.storyboard */; };
		47D9D1082B32E01E00785291 /* travelDemoTests.swift in Sources */ = {isa = PBXBuildFile; fileRef = 47D9D1072B32E01E00785291 /* travelDemoTests.swift */; };
		47D9D1122B32E01E00785291 /* travelDemoUITests.swift in Sources */ = {isa = PBXBuildFile; fileRef = 47D9D1112B32E01E00785291 /* travelDemoUITests.swift */; };
		47D9D1142B32E01E00785291 /* travelDemoUITestsLaunchTests.swift in Sources */ = {isa = PBXBuildFile; fileRef = 47D9D1132B32E01E00785291 /* travelDemoUITestsLaunchTests.swift */; };
		83E974CCF26918EB7FB3E8C4 /* Pods_travelDemo.framework in Frameworks */ = {isa = PBXBuildFile; fileRef = DC4F96C9B7E58F79DE7E949D /* Pods_travelDemo.framework */; };
		A285D98334E7D451133EC423 /* Pods_travelDemo_travelDemoUITests.framework in Frameworks */ = {isa = PBXBuildFile; fileRef = 5C4D14F96E241B408F298C69 /* Pods_travelDemo_travelDemoUITests.framework */; };
		FF1FF6171A2B2D88A4EA4AD6 /* Pods_travelDemoTests.framework in Frameworks */ = {isa = PBXBuildFile; fileRef = BD5B9D8F3639DB108EEDB5E9 /* Pods_travelDemoTests.framework */; };
/* End PBXBuildFile section */

/* Begin PBXContainerItemProxy section */
		47D9D1042B32E01E00785291 /* PBXContainerItemProxy */ = {
			isa = PBXContainerItemProxy;
			containerPortal = 47D9D0E52B32E01D00785291 /* Project object */;
			proxyType = 1;
			remoteGlobalIDString = 47D9D0EC2B32E01D00785291;
			remoteInfo = travelDemo;
		};
		47D9D10E2B32E01E00785291 /* PBXContainerItemProxy */ = {
			isa = PBXContainerItemProxy;
			containerPortal = 47D9D0E52B32E01D00785291 /* Project object */;
			proxyType = 1;
			remoteGlobalIDString = 47D9D0EC2B32E01D00785291;
			remoteInfo = travelDemo;
		};
/* End PBXContainerItemProxy section */

/* Begin PBXFileReference section */
		1BE62263F81C4625ECE243FA /* Pods-travelDemo.release.xcconfig */ = {isa = PBXFileReference; includeInIndex = 1; lastKnownFileType = text.xcconfig; name = "Pods-travelDemo.release.xcconfig"; path = "Target Support Files/Pods-travelDemo/Pods-travelDemo.release.xcconfig"; sourceTree = "<group>"; };
		2B01002A2B36858300D0644D /* CommonButton.swift */ = {isa = PBXFileReference; fileEncoding = 4; lastKnownFileType = sourcecode.swift; path = CommonButton.swift; sourceTree = "<group>"; };
		2B01002B2B36858300D0644D /* RoundHeaderView.swift */ = {isa = PBXFileReference; fileEncoding = 4; lastKnownFileType = sourcecode.swift; path = RoundHeaderView.swift; sourceTree = "<group>"; };
		2B01002C2B36858300D0644D /* CommonCardView.swift */ = {isa = PBXFileReference; fileEncoding = 4; lastKnownFileType = sourcecode.swift; path = CommonCardView.swift; sourceTree = "<group>"; };
		2B0100302B36859500D0644D /* CreateOwnViewController.swift */ = {isa = PBXFileReference; fileEncoding = 4; lastKnownFileType = sourcecode.swift; path = CreateOwnViewController.swift; sourceTree = "<group>"; };
		2B0100322B368C5D00D0644D /* ProfileOneViewController.swift */ = {isa = PBXFileReference; lastKnownFileType = sourcecode.swift; path = ProfileOneViewController.swift; sourceTree = "<group>"; };
		2B0100342B36AC9400D0644D /* CalanderViewController.swift */ = {isa = PBXFileReference; lastKnownFileType = sourcecode.swift; path = CalanderViewController.swift; sourceTree = "<group>"; };
		2B0100362B36AFCB00D0644D /* Utils.swift */ = {isa = PBXFileReference; lastKnownFileType = sourcecode.swift; path = Utils.swift; sourceTree = "<group>"; };
		2B0100382B36C06A00D0644D /* NavigatorBar.swift */ = {isa = PBXFileReference; lastKnownFileType = sourcecode.swift; path = NavigatorBar.swift; sourceTree = "<group>"; };
		2B01003B2B36D57300D0644D /* japan_road_trip_shikoku_itineraire_etapes_carte_illustree.gif */ = {isa = PBXFileReference; lastKnownFileType = image.gif; path = japan_road_trip_shikoku_itineraire_etapes_carte_illustree.gif; sourceTree = "<group>"; };
		2B01003D2B36D58F00D0644D /* LandingViewController.swift */ = {isa = PBXFileReference; lastKnownFileType = sourcecode.swift; path = LandingViewController.swift; sourceTree = "<group>"; };
		2BA5F3CF2B37175E00393339 /* ProcessLoadingView.swift */ = {isa = PBXFileReference; lastKnownFileType = sourcecode.swift; path = ProcessLoadingView.swift; sourceTree = "<group>"; };
		2BA5F3D12B371BD700393339 /* LoadingCardView.swift */ = {isa = PBXFileReference; lastKnownFileType = sourcecode.swift; path = LoadingCardView.swift; sourceTree = "<group>"; };
		472503615225A67207F25362 /* Pods-travelDemo-travelDemoUITests.debug.xcconfig */ = {isa = PBXFileReference; includeInIndex = 1; lastKnownFileType = text.xcconfig; name = "Pods-travelDemo-travelDemoUITests.debug.xcconfig"; path = "Target Support Files/Pods-travelDemo-travelDemoUITests/Pods-travelDemo-travelDemoUITests.debug.xcconfig"; sourceTree = "<group>"; };
		4780B17E2B3451D000FFF891 /* UIView+cornerRadius.swift */ = {isa = PBXFileReference; lastKnownFileType = sourcecode.swift; path = "UIView+cornerRadius.swift"; sourceTree = "<group>"; };
		4780B1842B349A6700FFF891 /* ProfileTwoViewController.swift */ = {isa = PBXFileReference; lastKnownFileType = sourcecode.swift; path = ProfileTwoViewController.swift; sourceTree = "<group>"; };
		4780B1882B34B26100FFF891 /* HomeViewController.swift */ = {isa = PBXFileReference; lastKnownFileType = sourcecode.swift; path = HomeViewController.swift; sourceTree = "<group>"; };
		4780B18A2B34B2A200FFF891 /* GenerateViewController.swift */ = {isa = PBXFileReference; lastKnownFileType = sourcecode.swift; path = GenerateViewController.swift; sourceTree = "<group>"; };
		4780B18C2B34DFC200FFF891 /* RouteListViewController.swift */ = {isa = PBXFileReference; lastKnownFileType = sourcecode.swift; path = RouteListViewController.swift; sourceTree = "<group>"; };
		4780B18E2B34E17200FFF891 /* HitTestView.swift */ = {isa = PBXFileReference; lastKnownFileType = sourcecode.swift; path = HitTestView.swift; sourceTree = "<group>"; };
		4780B1902B34E5B100FFF891 /* ToolboxViewController.swift */ = {isa = PBXFileReference; lastKnownFileType = sourcecode.swift; path = ToolboxViewController.swift; sourceTree = "<group>"; };
		478529542B3829E00005FAC1 /* RestaurantViewController.swift */ = {isa = PBXFileReference; lastKnownFileType = sourcecode.swift; path = RestaurantViewController.swift; sourceTree = "<group>"; };
		47D9D0ED2B32E01D00785291 /* travelDemo.app */ = {isa = PBXFileReference; explicitFileType = wrapper.application; includeInIndex = 0; path = travelDemo.app; sourceTree = BUILT_PRODUCTS_DIR; };
		47D9D0F02B32E01D00785291 /* AppDelegate.swift */ = {isa = PBXFileReference; lastKnownFileType = sourcecode.swift; path = AppDelegate.swift; sourceTree = "<group>"; };
		47D9D0F22B32E01D00785291 /* SceneDelegate.swift */ = {isa = PBXFileReference; lastKnownFileType = sourcecode.swift; path = SceneDelegate.swift; sourceTree = "<group>"; };
		47D9D0F42B32E01D00785291 /* ViewController.swift */ = {isa = PBXFileReference; lastKnownFileType = sourcecode.swift; path = ViewController.swift; sourceTree = "<group>"; };
		47D9D0F72B32E01D00785291 /* Base */ = {isa = PBXFileReference; lastKnownFileType = file.storyboard; name = Base; path = Base.lproj/Main.storyboard; sourceTree = "<group>"; };
		47D9D0F92B32E01E00785291 /* Assets.xcassets */ = {isa = PBXFileReference; lastKnownFileType = folder.assetcatalog; path = Assets.xcassets; sourceTree = "<group>"; };
		47D9D0FC2B32E01E00785291 /* Base */ = {isa = PBXFileReference; lastKnownFileType = file.storyboard; name = Base; path = Base.lproj/LaunchScreen.storyboard; sourceTree = "<group>"; };
		47D9D0FE2B32E01E00785291 /* Info.plist */ = {isa = PBXFileReference; lastKnownFileType = text.plist.xml; path = Info.plist; sourceTree = "<group>"; };
		47D9D1032B32E01E00785291 /* travelDemoTests.xctest */ = {isa = PBXFileReference; explicitFileType = wrapper.cfbundle; includeInIndex = 0; path = travelDemoTests.xctest; sourceTree = BUILT_PRODUCTS_DIR; };
		47D9D1072B32E01E00785291 /* travelDemoTests.swift */ = {isa = PBXFileReference; lastKnownFileType = sourcecode.swift; path = travelDemoTests.swift; sourceTree = "<group>"; };
		47D9D10D2B32E01E00785291 /* travelDemoUITests.xctest */ = {isa = PBXFileReference; explicitFileType = wrapper.cfbundle; includeInIndex = 0; path = travelDemoUITests.xctest; sourceTree = BUILT_PRODUCTS_DIR; };
		47D9D1112B32E01E00785291 /* travelDemoUITests.swift */ = {isa = PBXFileReference; lastKnownFileType = sourcecode.swift; path = travelDemoUITests.swift; sourceTree = "<group>"; };
		47D9D1132B32E01E00785291 /* travelDemoUITestsLaunchTests.swift */ = {isa = PBXFileReference; lastKnownFileType = sourcecode.swift; path = travelDemoUITestsLaunchTests.swift; sourceTree = "<group>"; };
		5C4D14F96E241B408F298C69 /* Pods_travelDemo_travelDemoUITests.framework */ = {isa = PBXFileReference; explicitFileType = wrapper.framework; includeInIndex = 0; path = Pods_travelDemo_travelDemoUITests.framework; sourceTree = BUILT_PRODUCTS_DIR; };
		A32CB73155B6F3B2EF174057 /* Pods-travelDemoTests.release.xcconfig */ = {isa = PBXFileReference; includeInIndex = 1; lastKnownFileType = text.xcconfig; name = "Pods-travelDemoTests.release.xcconfig"; path = "Target Support Files/Pods-travelDemoTests/Pods-travelDemoTests.release.xcconfig"; sourceTree = "<group>"; };
		BD5B9D8F3639DB108EEDB5E9 /* Pods_travelDemoTests.framework */ = {isa = PBXFileReference; explicitFileType = wrapper.framework; includeInIndex = 0; path = Pods_travelDemoTests.framework; sourceTree = BUILT_PRODUCTS_DIR; };
		C56CE3E97D24C4E3B6C2430A /* Pods-travelDemoTests.debug.xcconfig */ = {isa = PBXFileReference; includeInIndex = 1; lastKnownFileType = text.xcconfig; name = "Pods-travelDemoTests.debug.xcconfig"; path = "Target Support Files/Pods-travelDemoTests/Pods-travelDemoTests.debug.xcconfig"; sourceTree = "<group>"; };
		D0F9112E116F01A483F58750 /* Pods-travelDemo-travelDemoUITests.release.xcconfig */ = {isa = PBXFileReference; includeInIndex = 1; lastKnownFileType = text.xcconfig; name = "Pods-travelDemo-travelDemoUITests.release.xcconfig"; path = "Target Support Files/Pods-travelDemo-travelDemoUITests/Pods-travelDemo-travelDemoUITests.release.xcconfig"; sourceTree = "<group>"; };
		DC4F96C9B7E58F79DE7E949D /* Pods_travelDemo.framework */ = {isa = PBXFileReference; explicitFileType = wrapper.framework; includeInIndex = 0; path = Pods_travelDemo.framework; sourceTree = BUILT_PRODUCTS_DIR; };
		E0E324722E57D1AB7BA7627F /* Pods-travelDemo.debug.xcconfig */ = {isa = PBXFileReference; includeInIndex = 1; lastKnownFileType = text.xcconfig; name = "Pods-travelDemo.debug.xcconfig"; path = "Target Support Files/Pods-travelDemo/Pods-travelDemo.debug.xcconfig"; sourceTree = "<group>"; };
/* End PBXFileReference section */

/* Begin PBXFrameworksBuildPhase section */
		47D9D0EA2B32E01D00785291 /* Frameworks */ = {
			isa = PBXFrameworksBuildPhase;
			buildActionMask = 2147483647;
			files = (
				83E974CCF26918EB7FB3E8C4 /* Pods_travelDemo.framework in Frameworks */,
			);
			runOnlyForDeploymentPostprocessing = 0;
		};
		47D9D1002B32E01E00785291 /* Frameworks */ = {
			isa = PBXFrameworksBuildPhase;
			buildActionMask = 2147483647;
			files = (
				FF1FF6171A2B2D88A4EA4AD6 /* Pods_travelDemoTests.framework in Frameworks */,
			);
			runOnlyForDeploymentPostprocessing = 0;
		};
		47D9D10A2B32E01E00785291 /* Frameworks */ = {
			isa = PBXFrameworksBuildPhase;
			buildActionMask = 2147483647;
			files = (
				A285D98334E7D451133EC423 /* Pods_travelDemo_travelDemoUITests.framework in Frameworks */,
			);
			runOnlyForDeploymentPostprocessing = 0;
		};
/* End PBXFrameworksBuildPhase section */

/* Begin PBXGroup section */
		2B0100292B36858300D0644D /* Views */ = {
			isa = PBXGroup;
			children = (
				2B01002A2B36858300D0644D /* CommonButton.swift */,
				2B01002B2B36858300D0644D /* RoundHeaderView.swift */,
				2B01002C2B36858300D0644D /* CommonCardView.swift */,
				2B0100382B36C06A00D0644D /* NavigatorBar.swift */,
				2B0100362B36AFCB00D0644D /* Utils.swift */,
				2BA5F3CF2B37175E00393339 /* ProcessLoadingView.swift */,
				2BA5F3D12B371BD700393339 /* LoadingCardView.swift */,
			);
			path = Views;
			sourceTree = "<group>";
		};
		2B01003A2B36D54600D0644D /* Source */ = {
			isa = PBXGroup;
			children = (
				2B01003B2B36D57300D0644D /* japan_road_trip_shikoku_itineraire_etapes_carte_illustree.gif */,
			);
			path = Source;
			sourceTree = "<group>";
		};
		47D9D0E42B32E01D00785291 = {
			isa = PBXGroup;
			children = (
				47D9D0EF2B32E01D00785291 /* travelDemo */,
				47D9D1062B32E01E00785291 /* travelDemoTests */,
				47D9D1102B32E01E00785291 /* travelDemoUITests */,
				47D9D0EE2B32E01D00785291 /* Products */,
				ED8D58FA3FCCD8CED9EF60E4 /* Pods */,
				8B6119023FF90ADB662F8CB2 /* Frameworks */,
			);
			sourceTree = "<group>";
		};
		47D9D0EE2B32E01D00785291 /* Products */ = {
			isa = PBXGroup;
			children = (
				47D9D0ED2B32E01D00785291 /* travelDemo.app */,
				47D9D1032B32E01E00785291 /* travelDemoTests.xctest */,
				47D9D10D2B32E01E00785291 /* travelDemoUITests.xctest */,
			);
			name = Products;
			sourceTree = "<group>";
		};
		47D9D0EF2B32E01D00785291 /* travelDemo */ = {
			isa = PBXGroup;
			children = (
				2B01003A2B36D54600D0644D /* Source */,
				2B0100292B36858300D0644D /* Views */,
				47D9D0F02B32E01D00785291 /* AppDelegate.swift */,
				47D9D0F22B32E01D00785291 /* SceneDelegate.swift */,
				47D9D0F42B32E01D00785291 /* ViewController.swift */,
				47D9D0F62B32E01D00785291 /* Main.storyboard */,
				47D9D0F92B32E01E00785291 /* Assets.xcassets */,
				47D9D0FB2B32E01E00785291 /* LaunchScreen.storyboard */,
				47D9D0FE2B32E01E00785291 /* Info.plist */,
				2B0100302B36859500D0644D /* CreateOwnViewController.swift */,
				4780B17E2B3451D000FFF891 /* UIView+cornerRadius.swift */,
				4780B1842B349A6700FFF891 /* ProfileTwoViewController.swift */,
				4780B1882B34B26100FFF891 /* HomeViewController.swift */,
				4780B18A2B34B2A200FFF891 /* GenerateViewController.swift */,
				4780B18C2B34DFC200FFF891 /* RouteListViewController.swift */,
				4780B18E2B34E17200FFF891 /* HitTestView.swift */,
				4780B1902B34E5B100FFF891 /* ToolboxViewController.swift */,
				2B0100322B368C5D00D0644D /* ProfileOneViewController.swift */,
				2B0100342B36AC9400D0644D /* CalanderViewController.swift */,
				2B01003D2B36D58F00D0644D /* LandingViewController.swift */,
				478529542B3829E00005FAC1 /* RestaurantViewController.swift */,
			);
			path = travelDemo;
			sourceTree = "<group>";
		};
		47D9D1062B32E01E00785291 /* travelDemoTests */ = {
			isa = PBXGroup;
			children = (
				47D9D1072B32E01E00785291 /* travelDemoTests.swift */,
			);
			path = travelDemoTests;
			sourceTree = "<group>";
		};
		47D9D1102B32E01E00785291 /* travelDemoUITests */ = {
			isa = PBXGroup;
			children = (
				47D9D1112B32E01E00785291 /* travelDemoUITests.swift */,
				47D9D1132B32E01E00785291 /* travelDemoUITestsLaunchTests.swift */,
			);
			path = travelDemoUITests;
			sourceTree = "<group>";
		};
		8B6119023FF90ADB662F8CB2 /* Frameworks */ = {
			isa = PBXGroup;
			children = (
				DC4F96C9B7E58F79DE7E949D /* Pods_travelDemo.framework */,
				5C4D14F96E241B408F298C69 /* Pods_travelDemo_travelDemoUITests.framework */,
				BD5B9D8F3639DB108EEDB5E9 /* Pods_travelDemoTests.framework */,
			);
			name = Frameworks;
			sourceTree = "<group>";
		};
		ED8D58FA3FCCD8CED9EF60E4 /* Pods */ = {
			isa = PBXGroup;
			children = (
				E0E324722E57D1AB7BA7627F /* Pods-travelDemo.debug.xcconfig */,
				1BE62263F81C4625ECE243FA /* Pods-travelDemo.release.xcconfig */,
				472503615225A67207F25362 /* Pods-travelDemo-travelDemoUITests.debug.xcconfig */,
				D0F9112E116F01A483F58750 /* Pods-travelDemo-travelDemoUITests.release.xcconfig */,
				C56CE3E97D24C4E3B6C2430A /* Pods-travelDemoTests.debug.xcconfig */,
				A32CB73155B6F3B2EF174057 /* Pods-travelDemoTests.release.xcconfig */,
			);
			path = Pods;
			sourceTree = "<group>";
		};
/* End PBXGroup section */

/* Begin PBXNativeTarget section */
		47D9D0EC2B32E01D00785291 /* travelDemo */ = {
			isa = PBXNativeTarget;
			buildConfigurationList = 47D9D1172B32E01E00785291 /* Build configuration list for PBXNativeTarget "travelDemo" */;
			buildPhases = (
				EAAB2161932A3D38348BBDD8 /* [CP] Check Pods Manifest.lock */,
				47D9D0E92B32E01D00785291 /* Sources */,
				47D9D0EA2B32E01D00785291 /* Frameworks */,
				47D9D0EB2B32E01D00785291 /* Resources */,
				7688046F7173B069FBE57925 /* [CP] Embed Pods Frameworks */,
				AAE4B1AB54B27BFDA401472C /* [CP] Copy Pods Resources */,
			);
			buildRules = (
			);
			dependencies = (
			);
			name = travelDemo;
			productName = travelDemo;
			productReference = 47D9D0ED2B32E01D00785291 /* travelDemo.app */;
			productType = "com.apple.product-type.application";
		};
		47D9D1022B32E01E00785291 /* travelDemoTests */ = {
			isa = PBXNativeTarget;
			buildConfigurationList = 47D9D11A2B32E01E00785291 /* Build configuration list for PBXNativeTarget "travelDemoTests" */;
			buildPhases = (
				22EECE79E9BFB921853A660C /* [CP] Check Pods Manifest.lock */,
				47D9D0FF2B32E01E00785291 /* Sources */,
				47D9D1002B32E01E00785291 /* Frameworks */,
				47D9D1012B32E01E00785291 /* Resources */,
			);
			buildRules = (
			);
			dependencies = (
				47D9D1052B32E01E00785291 /* PBXTargetDependency */,
			);
			name = travelDemoTests;
			productName = travelDemoTests;
			productReference = 47D9D1032B32E01E00785291 /* travelDemoTests.xctest */;
			productType = "com.apple.product-type.bundle.unit-test";
		};
		47D9D10C2B32E01E00785291 /* travelDemoUITests */ = {
			isa = PBXNativeTarget;
			buildConfigurationList = 47D9D11D2B32E01E00785291 /* Build configuration list for PBXNativeTarget "travelDemoUITests" */;
			buildPhases = (
				A0EFACECF1C899CCCEF6E7DB /* [CP] Check Pods Manifest.lock */,
				47D9D1092B32E01E00785291 /* Sources */,
				47D9D10A2B32E01E00785291 /* Frameworks */,
				47D9D10B2B32E01E00785291 /* Resources */,
				288768BA572DCB33038EAA15 /* [CP] Embed Pods Frameworks */,
				4E19021E1B3C4DE684FCBF04 /* [CP] Copy Pods Resources */,
			);
			buildRules = (
			);
			dependencies = (
				47D9D10F2B32E01E00785291 /* PBXTargetDependency */,
			);
			name = travelDemoUITests;
			productName = travelDemoUITests;
			productReference = 47D9D10D2B32E01E00785291 /* travelDemoUITests.xctest */;
			productType = "com.apple.product-type.bundle.ui-testing";
		};
/* End PBXNativeTarget section */

/* Begin PBXProject section */
		47D9D0E52B32E01D00785291 /* Project object */ = {
			isa = PBXProject;
			attributes = {
				BuildIndependentTargetsInParallel = 1;
				LastSwiftUpdateCheck = 1510;
				LastUpgradeCheck = 1510;
				TargetAttributes = {
					47D9D0EC2B32E01D00785291 = {
						CreatedOnToolsVersion = 15.1;
					};
					47D9D1022B32E01E00785291 = {
						CreatedOnToolsVersion = 15.1;
						TestTargetID = 47D9D0EC2B32E01D00785291;
					};
					47D9D10C2B32E01E00785291 = {
						CreatedOnToolsVersion = 15.1;
						TestTargetID = 47D9D0EC2B32E01D00785291;
					};
				};
			};
			buildConfigurationList = 47D9D0E82B32E01D00785291 /* Build configuration list for PBXProject "travelDemo" */;
			compatibilityVersion = "Xcode 14.0";
			developmentRegion = en;
			hasScannedForEncodings = 0;
			knownRegions = (
				en,
				Base,
			);
			mainGroup = 47D9D0E42B32E01D00785291;
			productRefGroup = 47D9D0EE2B32E01D00785291 /* Products */;
			projectDirPath = "";
			projectRoot = "";
			targets = (
				47D9D0EC2B32E01D00785291 /* travelDemo */,
				47D9D1022B32E01E00785291 /* travelDemoTests */,
				47D9D10C2B32E01E00785291 /* travelDemoUITests */,
			);
		};
/* End PBXProject section */

/* Begin PBXResourcesBuildPhase section */
		47D9D0EB2B32E01D00785291 /* Resources */ = {
			isa = PBXResourcesBuildPhase;
			buildActionMask = 2147483647;
			files = (
				47D9D0FD2B32E01E00785291 /* LaunchScreen.storyboard in Resources */,
				2B01003C2B36D57300D0644D /* japan_road_trip_shikoku_itineraire_etapes_carte_illustree.gif in Resources */,
				47D9D0FA2B32E01E00785291 /* Assets.xcassets in Resources */,
				47D9D0F82B32E01D00785291 /* Main.storyboard in Resources */,
			);
			runOnlyForDeploymentPostprocessing = 0;
		};
		47D9D1012B32E01E00785291 /* Resources */ = {
			isa = PBXResourcesBuildPhase;
			buildActionMask = 2147483647;
			files = (
			);
			runOnlyForDeploymentPostprocessing = 0;
		};
		47D9D10B2B32E01E00785291 /* Resources */ = {
			isa = PBXResourcesBuildPhase;
			buildActionMask = 2147483647;
			files = (
			);
			runOnlyForDeploymentPostprocessing = 0;
		};
/* End PBXResourcesBuildPhase section */

/* Begin PBXShellScriptBuildPhase section */
		22EECE79E9BFB921853A660C /* [CP] Check Pods Manifest.lock */ = {
			isa = PBXShellScriptBuildPhase;
			buildActionMask = 2147483647;
			files = (
			);
			inputFileListPaths = (
			);
			inputPaths = (
				"${PODS_PODFILE_DIR_PATH}/Podfile.lock",
				"${PODS_ROOT}/Manifest.lock",
			);
			name = "[CP] Check Pods Manifest.lock";
			outputFileListPaths = (
			);
			outputPaths = (
				"$(DERIVED_FILE_DIR)/Pods-travelDemoTests-checkManifestLockResult.txt",
			);
			runOnlyForDeploymentPostprocessing = 0;
			shellPath = /bin/sh;
			shellScript = "diff \"${PODS_PODFILE_DIR_PATH}/Podfile.lock\" \"${PODS_ROOT}/Manifest.lock\" > /dev/null\nif [ $? != 0 ] ; then\n    # print error to STDERR\n    echo \"error: The sandbox is not in sync with the Podfile.lock. Run 'pod install' or update your CocoaPods installation.\" >&2\n    exit 1\nfi\n# This output is used by Xcode 'outputs' to avoid re-running this script phase.\necho \"SUCCESS\" > \"${SCRIPT_OUTPUT_FILE_0}\"\n";
			showEnvVarsInLog = 0;
		};
		288768BA572DCB33038EAA15 /* [CP] Embed Pods Frameworks */ = {
			isa = PBXShellScriptBuildPhase;
			buildActionMask = 2147483647;
			files = (
			);
			inputFileListPaths = (
				"${PODS_ROOT}/Target Support Files/Pods-travelDemo-travelDemoUITests/Pods-travelDemo-travelDemoUITests-frameworks-${CONFIGURATION}-input-files.xcfilelist",
			);
			name = "[CP] Embed Pods Frameworks";
			outputFileListPaths = (
				"${PODS_ROOT}/Target Support Files/Pods-travelDemo-travelDemoUITests/Pods-travelDemo-travelDemoUITests-frameworks-${CONFIGURATION}-output-files.xcfilelist",
			);
			runOnlyForDeploymentPostprocessing = 0;
			shellPath = /bin/sh;
			shellScript = "\"${PODS_ROOT}/Target Support Files/Pods-travelDemo-travelDemoUITests/Pods-travelDemo-travelDemoUITests-frameworks.sh\"\n";
			showEnvVarsInLog = 0;
		};
		4E19021E1B3C4DE684FCBF04 /* [CP] Copy Pods Resources */ = {
			isa = PBXShellScriptBuildPhase;
			buildActionMask = 2147483647;
			files = (
			);
			inputFileListPaths = (
				"${PODS_ROOT}/Target Support Files/Pods-travelDemo-travelDemoUITests/Pods-travelDemo-travelDemoUITests-resources-${CONFIGURATION}-input-files.xcfilelist",
			);
			name = "[CP] Copy Pods Resources";
			outputFileListPaths = (
				"${PODS_ROOT}/Target Support Files/Pods-travelDemo-travelDemoUITests/Pods-travelDemo-travelDemoUITests-resources-${CONFIGURATION}-output-files.xcfilelist",
			);
			runOnlyForDeploymentPostprocessing = 0;
			shellPath = /bin/sh;
			shellScript = "\"${PODS_ROOT}/Target Support Files/Pods-travelDemo-travelDemoUITests/Pods-travelDemo-travelDemoUITests-resources.sh\"\n";
			showEnvVarsInLog = 0;
		};
		7688046F7173B069FBE57925 /* [CP] Embed Pods Frameworks */ = {
			isa = PBXShellScriptBuildPhase;
			buildActionMask = 2147483647;
			files = (
			);
			inputFileListPaths = (
				"${PODS_ROOT}/Target Support Files/Pods-travelDemo/Pods-travelDemo-frameworks-${CONFIGURATION}-input-files.xcfilelist",
			);
			name = "[CP] Embed Pods Frameworks";
			outputFileListPaths = (
				"${PODS_ROOT}/Target Support Files/Pods-travelDemo/Pods-travelDemo-frameworks-${CONFIGURATION}-output-files.xcfilelist",
			);
			runOnlyForDeploymentPostprocessing = 0;
			shellPath = /bin/sh;
			shellScript = "\"${PODS_ROOT}/Target Support Files/Pods-travelDemo/Pods-travelDemo-frameworks.sh\"\n";
			showEnvVarsInLog = 0;
		};
		A0EFACECF1C899CCCEF6E7DB /* [CP] Check Pods Manifest.lock */ = {
			isa = PBXShellScriptBuildPhase;
			buildActionMask = 2147483647;
			files = (
			);
			inputFileListPaths = (
			);
			inputPaths = (
				"${PODS_PODFILE_DIR_PATH}/Podfile.lock",
				"${PODS_ROOT}/Manifest.lock",
			);
			name = "[CP] Check Pods Manifest.lock";
			outputFileListPaths = (
			);
			outputPaths = (
				"$(DERIVED_FILE_DIR)/Pods-travelDemo-travelDemoUITests-checkManifestLockResult.txt",
			);
			runOnlyForDeploymentPostprocessing = 0;
			shellPath = /bin/sh;
			shellScript = "diff \"${PODS_PODFILE_DIR_PATH}/Podfile.lock\" \"${PODS_ROOT}/Manifest.lock\" > /dev/null\nif [ $? != 0 ] ; then\n    # print error to STDERR\n    echo \"error: The sandbox is not in sync with the Podfile.lock. Run 'pod install' or update your CocoaPods installation.\" >&2\n    exit 1\nfi\n# This output is used by Xcode 'outputs' to avoid re-running this script phase.\necho \"SUCCESS\" > \"${SCRIPT_OUTPUT_FILE_0}\"\n";
			showEnvVarsInLog = 0;
		};
		AAE4B1AB54B27BFDA401472C /* [CP] Copy Pods Resources */ = {
			isa = PBXShellScriptBuildPhase;
			buildActionMask = 2147483647;
			files = (
			);
			inputFileListPaths = (
				"${PODS_ROOT}/Target Support Files/Pods-travelDemo/Pods-travelDemo-resources-${CONFIGURATION}-input-files.xcfilelist",
			);
			name = "[CP] Copy Pods Resources";
			outputFileListPaths = (
				"${PODS_ROOT}/Target Support Files/Pods-travelDemo/Pods-travelDemo-resources-${CONFIGURATION}-output-files.xcfilelist",
			);
			runOnlyForDeploymentPostprocessing = 0;
			shellPath = /bin/sh;
			shellScript = "\"${PODS_ROOT}/Target Support Files/Pods-travelDemo/Pods-travelDemo-resources.sh\"\n";
			showEnvVarsInLog = 0;
		};
		EAAB2161932A3D38348BBDD8 /* [CP] Check Pods Manifest.lock */ = {
			isa = PBXShellScriptBuildPhase;
			buildActionMask = 2147483647;
			files = (
			);
			inputFileListPaths = (
			);
			inputPaths = (
				"${PODS_PODFILE_DIR_PATH}/Podfile.lock",
				"${PODS_ROOT}/Manifest.lock",
			);
			name = "[CP] Check Pods Manifest.lock";
			outputFileListPaths = (
			);
			outputPaths = (
				"$(DERIVED_FILE_DIR)/Pods-travelDemo-checkManifestLockResult.txt",
			);
			runOnlyForDeploymentPostprocessing = 0;
			shellPath = /bin/sh;
			shellScript = "diff \"${PODS_PODFILE_DIR_PATH}/Podfile.lock\" \"${PODS_ROOT}/Manifest.lock\" > /dev/null\nif [ $? != 0 ] ; then\n    # print error to STDERR\n    echo \"error: The sandbox is not in sync with the Podfile.lock. Run 'pod install' or update your CocoaPods installation.\" >&2\n    exit 1\nfi\n# This output is used by Xcode 'outputs' to avoid re-running this script phase.\necho \"SUCCESS\" > \"${SCRIPT_OUTPUT_FILE_0}\"\n";
			showEnvVarsInLog = 0;
		};
/* End PBXShellScriptBuildPhase section */

/* Begin PBXSourcesBuildPhase section */
		47D9D0E92B32E01D00785291 /* Sources */ = {
			isa = PBXSourcesBuildPhase;
			buildActionMask = 2147483647;
			files = (
				2B0100352B36AC9400D0644D /* CalanderViewController.swift in Sources */,
				47D9D0F52B32E01D00785291 /* ViewController.swift in Sources */,
				4780B1852B349A6700FFF891 /* ProfileTwoViewController.swift in Sources */,
				2B01002F2B36858300D0644D /* CommonCardView.swift in Sources */,
				2B01002D2B36858300D0644D /* CommonButton.swift in Sources */,
				2B0100392B36C06A00D0644D /* NavigatorBar.swift in Sources */,
				4780B18D2B34DFC200FFF891 /* RouteListViewController.swift in Sources */,
				2B01002E2B36858300D0644D /* RoundHeaderView.swift in Sources */,
				4780B17F2B3451D000FFF891 /* UIView+cornerRadius.swift in Sources */,
				478529552B3829E00005FAC1 /* RestaurantViewController.swift in Sources */,
				2BA5F3D22B371BD700393339 /* LoadingCardView.swift in Sources */,
				2B0100312B36859500D0644D /* CreateOwnViewController.swift in Sources */,
				2B0100372B36AFCB00D0644D /* Utils.swift in Sources */,
				47D9D0F12B32E01D00785291 /* AppDelegate.swift in Sources */,
				2B01003E2B36D58F00D0644D /* LandingViewController.swift in Sources */,
				47D9D0F32B32E01D00785291 /* SceneDelegate.swift in Sources */,
				4780B1892B34B26100FFF891 /* HomeViewController.swift in Sources */,
				4780B18F2B34E17200FFF891 /* HitTestView.swift in Sources */,
				4780B1912B34E5B100FFF891 /* ToolboxViewController.swift in Sources */,
				2B0100332B368C5D00D0644D /* ProfileOneViewController.swift in Sources */,
				4780B18B2B34B2A200FFF891 /* GenerateViewController.swift in Sources */,
				2BA5F3D02B37175E00393339 /* ProcessLoadingView.swift in Sources */,
			);
			runOnlyForDeploymentPostprocessing = 0;
		};
		47D9D0FF2B32E01E00785291 /* Sources */ = {
			isa = PBXSourcesBuildPhase;
			buildActionMask = 2147483647;
			files = (
				47D9D1082B32E01E00785291 /* travelDemoTests.swift in Sources */,
			);
			runOnlyForDeploymentPostprocessing = 0;
		};
		47D9D1092B32E01E00785291 /* Sources */ = {
			isa = PBXSourcesBuildPhase;
			buildActionMask = 2147483647;
			files = (
				47D9D1122B32E01E00785291 /* travelDemoUITests.swift in Sources */,
				47D9D1142B32E01E00785291 /* travelDemoUITestsLaunchTests.swift in Sources */,
			);
			runOnlyForDeploymentPostprocessing = 0;
		};
/* End PBXSourcesBuildPhase section */

/* Begin PBXTargetDependency section */
		47D9D1052B32E01E00785291 /* PBXTargetDependency */ = {
			isa = PBXTargetDependency;
			target = 47D9D0EC2B32E01D00785291 /* travelDemo */;
			targetProxy = 47D9D1042B32E01E00785291 /* PBXContainerItemProxy */;
		};
		47D9D10F2B32E01E00785291 /* PBXTargetDependency */ = {
			isa = PBXTargetDependency;
			target = 47D9D0EC2B32E01D00785291 /* travelDemo */;
			targetProxy = 47D9D10E2B32E01E00785291 /* PBXContainerItemProxy */;
		};
/* End PBXTargetDependency section */

/* Begin PBXVariantGroup section */
		47D9D0F62B32E01D00785291 /* Main.storyboard */ = {
			isa = PBXVariantGroup;
			children = (
				47D9D0F72B32E01D00785291 /* Base */,
			);
			name = Main.storyboard;
			sourceTree = "<group>";
		};
		47D9D0FB2B32E01E00785291 /* LaunchScreen.storyboard */ = {
			isa = PBXVariantGroup;
			children = (
				47D9D0FC2B32E01E00785291 /* Base */,
			);
			name = LaunchScreen.storyboard;
			sourceTree = "<group>";
		};
/* End PBXVariantGroup section */

/* Begin XCBuildConfiguration section */
		47D9D1152B32E01E00785291 /* Debug */ = {
			isa = XCBuildConfiguration;
			buildSettings = {
				ALWAYS_SEARCH_USER_PATHS = NO;
				ASSETCATALOG_COMPILER_GENERATE_SWIFT_ASSET_SYMBOL_EXTENSIONS = YES;
				CLANG_ANALYZER_NONNULL = YES;
				CLANG_ANALYZER_NUMBER_OBJECT_CONVERSION = YES_AGGRESSIVE;
				CLANG_CXX_LANGUAGE_STANDARD = "gnu++20";
				CLANG_ENABLE_MODULES = YES;
				CLANG_ENABLE_OBJC_ARC = YES;
				CLANG_ENABLE_OBJC_WEAK = YES;
				CLANG_WARN_BLOCK_CAPTURE_AUTORELEASING = YES;
				CLANG_WARN_BOOL_CONVERSION = YES;
				CLANG_WARN_COMMA = YES;
				CLANG_WARN_CONSTANT_CONVERSION = YES;
				CLANG_WARN_DEPRECATED_OBJC_IMPLEMENTATIONS = YES;
				CLANG_WARN_DIRECT_OBJC_ISA_USAGE = YES_ERROR;
				CLANG_WARN_DOCUMENTATION_COMMENTS = YES;
				CLANG_WARN_EMPTY_BODY = YES;
				CLANG_WARN_ENUM_CONVERSION = YES;
				CLANG_WARN_INFINITE_RECURSION = YES;
				CLANG_WARN_INT_CONVERSION = YES;
				CLANG_WARN_NON_LITERAL_NULL_CONVERSION = YES;
				CLANG_WARN_OBJC_IMPLICIT_RETAIN_SELF = YES;
				CLANG_WARN_OBJC_LITERAL_CONVERSION = YES;
				CLANG_WARN_OBJC_ROOT_CLASS = YES_ERROR;
				CLANG_WARN_QUOTED_INCLUDE_IN_FRAMEWORK_HEADER = YES;
				CLANG_WARN_RANGE_LOOP_ANALYSIS = YES;
				CLANG_WARN_STRICT_PROTOTYPES = YES;
				CLANG_WARN_SUSPICIOUS_MOVE = YES;
				CLANG_WARN_UNGUARDED_AVAILABILITY = YES_AGGRESSIVE;
				CLANG_WARN_UNREACHABLE_CODE = YES;
				CLANG_WARN__DUPLICATE_METHOD_MATCH = YES;
				COPY_PHASE_STRIP = NO;
				DEBUG_INFORMATION_FORMAT = dwarf;
				ENABLE_STRICT_OBJC_MSGSEND = YES;
				ENABLE_TESTABILITY = YES;
				ENABLE_USER_SCRIPT_SANDBOXING = YES;
				GCC_C_LANGUAGE_STANDARD = gnu17;
				GCC_DYNAMIC_NO_PIC = NO;
				GCC_NO_COMMON_BLOCKS = YES;
				GCC_OPTIMIZATION_LEVEL = 0;
				GCC_PREPROCESSOR_DEFINITIONS = (
					"DEBUG=1",
					"$(inherited)",
				);
				GCC_WARN_64_TO_32_BIT_CONVERSION = YES;
				GCC_WARN_ABOUT_RETURN_TYPE = YES_ERROR;
				GCC_WARN_UNDECLARED_SELECTOR = YES;
				GCC_WARN_UNINITIALIZED_AUTOS = YES_AGGRESSIVE;
				GCC_WARN_UNUSED_FUNCTION = YES;
				GCC_WARN_UNUSED_VARIABLE = YES;
				IPHONEOS_DEPLOYMENT_TARGET = 17.2;
				LOCALIZATION_PREFERS_STRING_CATALOGS = YES;
				MTL_ENABLE_DEBUG_INFO = INCLUDE_SOURCE;
				MTL_FAST_MATH = YES;
				ONLY_ACTIVE_ARCH = YES;
				SDKROOT = iphoneos;
				SWIFT_ACTIVE_COMPILATION_CONDITIONS = "DEBUG $(inherited)";
				SWIFT_OPTIMIZATION_LEVEL = "-Onone";
			};
			name = Debug;
		};
		47D9D1162B32E01E00785291 /* Release */ = {
			isa = XCBuildConfiguration;
			buildSettings = {
				ALWAYS_SEARCH_USER_PATHS = NO;
				ASSETCATALOG_COMPILER_GENERATE_SWIFT_ASSET_SYMBOL_EXTENSIONS = YES;
				CLANG_ANALYZER_NONNULL = YES;
				CLANG_ANALYZER_NUMBER_OBJECT_CONVERSION = YES_AGGRESSIVE;
				CLANG_CXX_LANGUAGE_STANDARD = "gnu++20";
				CLANG_ENABLE_MODULES = YES;
				CLANG_ENABLE_OBJC_ARC = YES;
				CLANG_ENABLE_OBJC_WEAK = YES;
				CLANG_WARN_BLOCK_CAPTURE_AUTORELEASING = YES;
				CLANG_WARN_BOOL_CONVERSION = YES;
				CLANG_WARN_COMMA = YES;
				CLANG_WARN_CONSTANT_CONVERSION = YES;
				CLANG_WARN_DEPRECATED_OBJC_IMPLEMENTATIONS = YES;
				CLANG_WARN_DIRECT_OBJC_ISA_USAGE = YES_ERROR;
				CLANG_WARN_DOCUMENTATION_COMMENTS = YES;
				CLANG_WARN_EMPTY_BODY = YES;
				CLANG_WARN_ENUM_CONVERSION = YES;
				CLANG_WARN_INFINITE_RECURSION = YES;
				CLANG_WARN_INT_CONVERSION = YES;
				CLANG_WARN_NON_LITERAL_NULL_CONVERSION = YES;
				CLANG_WARN_OBJC_IMPLICIT_RETAIN_SELF = YES;
				CLANG_WARN_OBJC_LITERAL_CONVERSION = YES;
				CLANG_WARN_OBJC_ROOT_CLASS = YES_ERROR;
				CLANG_WARN_QUOTED_INCLUDE_IN_FRAMEWORK_HEADER = YES;
				CLANG_WARN_RANGE_LOOP_ANALYSIS = YES;
				CLANG_WARN_STRICT_PROTOTYPES = YES;
				CLANG_WARN_SUSPICIOUS_MOVE = YES;
				CLANG_WARN_UNGUARDED_AVAILABILITY = YES_AGGRESSIVE;
				CLANG_WARN_UNREACHABLE_CODE = YES;
				CLANG_WARN__DUPLICATE_METHOD_MATCH = YES;
				COPY_PHASE_STRIP = NO;
				DEBUG_INFORMATION_FORMAT = "dwarf-with-dsym";
				ENABLE_NS_ASSERTIONS = NO;
				ENABLE_STRICT_OBJC_MSGSEND = YES;
				ENABLE_USER_SCRIPT_SANDBOXING = YES;
				GCC_C_LANGUAGE_STANDARD = gnu17;
				GCC_NO_COMMON_BLOCKS = YES;
				GCC_WARN_64_TO_32_BIT_CONVERSION = YES;
				GCC_WARN_ABOUT_RETURN_TYPE = YES_ERROR;
				GCC_WARN_UNDECLARED_SELECTOR = YES;
				GCC_WARN_UNINITIALIZED_AUTOS = YES_AGGRESSIVE;
				GCC_WARN_UNUSED_FUNCTION = YES;
				GCC_WARN_UNUSED_VARIABLE = YES;
				IPHONEOS_DEPLOYMENT_TARGET = 17.2;
				LOCALIZATION_PREFERS_STRING_CATALOGS = YES;
				MTL_ENABLE_DEBUG_INFO = NO;
				MTL_FAST_MATH = YES;
				SDKROOT = iphoneos;
				SWIFT_COMPILATION_MODE = wholemodule;
				VALIDATE_PRODUCT = YES;
			};
			name = Release;
		};
		47D9D1182B32E01E00785291 /* Debug */ = {
			isa = XCBuildConfiguration;
			baseConfigurationReference = E0E324722E57D1AB7BA7627F /* Pods-travelDemo.debug.xcconfig */;
			buildSettings = {
				ASSETCATALOG_COMPILER_APPICON_NAME = AppIcon;
				ASSETCATALOG_COMPILER_GLOBAL_ACCENT_COLOR_NAME = AccentColor;
				CODE_SIGN_STYLE = Automatic;
				CURRENT_PROJECT_VERSION = 1;
				DEVELOPMENT_TEAM = 2XGHV2H886;
				ENABLE_USER_SCRIPT_SANDBOXING = NO;
				GENERATE_INFOPLIST_FILE = YES;
				INFOPLIST_FILE = travelDemo/Info.plist;
				INFOPLIST_KEY_UIApplicationSupportsIndirectInputEvents = YES;
				INFOPLIST_KEY_UILaunchStoryboardName = LaunchScreen;
				INFOPLIST_KEY_UIMainStoryboardFile = Main;
				INFOPLIST_KEY_UISupportedInterfaceOrientations_iPad = "UIInterfaceOrientationPortrait UIInterfaceOrientationPortraitUpsideDown UIInterfaceOrientationLandscapeLeft UIInterfaceOrientationLandscapeRight";
				INFOPLIST_KEY_UISupportedInterfaceOrientations_iPhone = "UIInterfaceOrientationPortrait UIInterfaceOrientationLandscapeLeft UIInterfaceOrientationLandscapeRight";
				IPHONEOS_DEPLOYMENT_TARGET = 17.0;
				LD_RUNPATH_SEARCH_PATHS = (
					"$(inherited)",
					"@executable_path/Frameworks",
				);
				MARKETING_VERSION = 1.0;
				PRODUCT_BUNDLE_IDENTIFIER = com.travel.travelDemo;
				PRODUCT_NAME = "$(TARGET_NAME)";
				SWIFT_EMIT_LOC_STRINGS = YES;
				SWIFT_VERSION = 5.0;
				TARGETED_DEVICE_FAMILY = "1,2";
			};
			name = Debug;
		};
		47D9D1192B32E01E00785291 /* Release */ = {
			isa = XCBuildConfiguration;
			baseConfigurationReference = 1BE62263F81C4625ECE243FA /* Pods-travelDemo.release.xcconfig */;
			buildSettings = {
				ASSETCATALOG_COMPILER_APPICON_NAME = AppIcon;
				ASSETCATALOG_COMPILER_GLOBAL_ACCENT_COLOR_NAME = AccentColor;
				CODE_SIGN_STYLE = Automatic;
				CURRENT_PROJECT_VERSION = 1;
				DEVELOPMENT_TEAM = 2XGHV2H886;
				ENABLE_USER_SCRIPT_SANDBOXING = NO;
				GENERATE_INFOPLIST_FILE = YES;
				INFOPLIST_FILE = travelDemo/Info.plist;
				INFOPLIST_KEY_UIApplicationSupportsIndirectInputEvents = YES;
				INFOPLIST_KEY_UILaunchStoryboardName = LaunchScreen;
				INFOPLIST_KEY_UIMainStoryboardFile = Main;
				INFOPLIST_KEY_UISupportedInterfaceOrientations_iPad = "UIInterfaceOrientationPortrait UIInterfaceOrientationPortraitUpsideDown UIInterfaceOrientationLandscapeLeft UIInterfaceOrientationLandscapeRight";
				INFOPLIST_KEY_UISupportedInterfaceOrientations_iPhone = "UIInterfaceOrientationPortrait UIInterfaceOrientationLandscapeLeft UIInterfaceOrientationLandscapeRight";
				IPHONEOS_DEPLOYMENT_TARGET = 17.0;
				LD_RUNPATH_SEARCH_PATHS = (
					"$(inherited)",
					"@executable_path/Frameworks",
				);
				MARKETING_VERSION = 1.0;
				PRODUCT_BUNDLE_IDENTIFIER = com.travel.travelDemo;
				PRODUCT_NAME = "$(TARGET_NAME)";
				SWIFT_EMIT_LOC_STRINGS = YES;
				SWIFT_VERSION = 5.0;
				TARGETED_DEVICE_FAMILY = "1,2";
			};
			name = Release;
		};
		47D9D11B2B32E01E00785291 /* Debug */ = {
			isa = XCBuildConfiguration;
			baseConfigurationReference = C56CE3E97D24C4E3B6C2430A /* Pods-travelDemoTests.debug.xcconfig */;
			buildSettings = {
				ALWAYS_EMBED_SWIFT_STANDARD_LIBRARIES = YES;
				BUNDLE_LOADER = "$(TEST_HOST)";
				CODE_SIGN_STYLE = Automatic;
				CURRENT_PROJECT_VERSION = 1;
				DEVELOPMENT_TEAM = 2XGHV2H886;
				GENERATE_INFOPLIST_FILE = YES;
				IPHONEOS_DEPLOYMENT_TARGET = 17.2;
				MARKETING_VERSION = 1.0;
				PRODUCT_BUNDLE_IDENTIFIER = com.travel.travelDemoTests;
				PRODUCT_NAME = "$(TARGET_NAME)";
				SWIFT_EMIT_LOC_STRINGS = NO;
				SWIFT_VERSION = 5.0;
				TARGETED_DEVICE_FAMILY = "1,2";
				TEST_HOST = "$(BUILT_PRODUCTS_DIR)/travelDemo.app/$(BUNDLE_EXECUTABLE_FOLDER_PATH)/travelDemo";
			};
			name = Debug;
		};
		47D9D11C2B32E01E00785291 /* Release */ = {
			isa = XCBuildConfiguration;
			baseConfigurationReference = A32CB73155B6F3B2EF174057 /* Pods-travelDemoTests.release.xcconfig */;
			buildSettings = {
				ALWAYS_EMBED_SWIFT_STANDARD_LIBRARIES = YES;
				BUNDLE_LOADER = "$(TEST_HOST)";
				CODE_SIGN_STYLE = Automatic;
				CURRENT_PROJECT_VERSION = 1;
				DEVELOPMENT_TEAM = 2XGHV2H886;
				GENERATE_INFOPLIST_FILE = YES;
				IPHONEOS_DEPLOYMENT_TARGET = 17.2;
				MARKETING_VERSION = 1.0;
				PRODUCT_BUNDLE_IDENTIFIER = com.travel.travelDemoTests;
				PRODUCT_NAME = "$(TARGET_NAME)";
				SWIFT_EMIT_LOC_STRINGS = NO;
				SWIFT_VERSION = 5.0;
				TARGETED_DEVICE_FAMILY = "1,2";
				TEST_HOST = "$(BUILT_PRODUCTS_DIR)/travelDemo.app/$(BUNDLE_EXECUTABLE_FOLDER_PATH)/travelDemo";
			};
			name = Release;
		};
		47D9D11E2B32E01E00785291 /* Debug */ = {
			isa = XCBuildConfiguration;
			baseConfigurationReference = 472503615225A67207F25362 /* Pods-travelDemo-travelDemoUITests.debug.xcconfig */;
			buildSettings = {
				ALWAYS_EMBED_SWIFT_STANDARD_LIBRARIES = YES;
				CODE_SIGN_STYLE = Automatic;
				CURRENT_PROJECT_VERSION = 1;
				DEVELOPMENT_TEAM = 2XGHV2H886;
				GENERATE_INFOPLIST_FILE = YES;
				MARKETING_VERSION = 1.0;
				PRODUCT_BUNDLE_IDENTIFIER = com.travel.travelDemoUITests;
				PRODUCT_NAME = "$(TARGET_NAME)";
				SWIFT_EMIT_LOC_STRINGS = NO;
				SWIFT_VERSION = 5.0;
				TARGETED_DEVICE_FAMILY = "1,2";
				TEST_TARGET_NAME = travelDemo;
			};
			name = Debug;
		};
		47D9D11F2B32E01E00785291 /* Release */ = {
			isa = XCBuildConfiguration;
			baseConfigurationReference = D0F9112E116F01A483F58750 /* Pods-travelDemo-travelDemoUITests.release.xcconfig */;
			buildSettings = {
				ALWAYS_EMBED_SWIFT_STANDARD_LIBRARIES = YES;
				CODE_SIGN_STYLE = Automatic;
				CURRENT_PROJECT_VERSION = 1;
				DEVELOPMENT_TEAM = 2XGHV2H886;
				GENERATE_INFOPLIST_FILE = YES;
				MARKETING_VERSION = 1.0;
				PRODUCT_BUNDLE_IDENTIFIER = com.travel.travelDemoUITests;
				PRODUCT_NAME = "$(TARGET_NAME)";
				SWIFT_EMIT_LOC_STRINGS = NO;
				SWIFT_VERSION = 5.0;
				TARGETED_DEVICE_FAMILY = "1,2";
				TEST_TARGET_NAME = travelDemo;
			};
			name = Release;
		};
/* End XCBuildConfiguration section */

/* Begin XCConfigurationList section */
		47D9D0E82B32E01D00785291 /* Build configuration list for PBXProject "travelDemo" */ = {
			isa = XCConfigurationList;
			buildConfigurations = (
				47D9D1152B32E01E00785291 /* Debug */,
				47D9D1162B32E01E00785291 /* Release */,
			);
			defaultConfigurationIsVisible = 0;
			defaultConfigurationName = Release;
		};
		47D9D1172B32E01E00785291 /* Build configuration list for PBXNativeTarget "travelDemo" */ = {
			isa = XCConfigurationList;
			buildConfigurations = (
				47D9D1182B32E01E00785291 /* Debug */,
				47D9D1192B32E01E00785291 /* Release */,
			);
			defaultConfigurationIsVisible = 0;
			defaultConfigurationName = Release;
		};
		47D9D11A2B32E01E00785291 /* Build configuration list for PBXNativeTarget "travelDemoTests" */ = {
			isa = XCConfigurationList;
			buildConfigurations = (
				47D9D11B2B32E01E00785291 /* Debug */,
				47D9D11C2B32E01E00785291 /* Release */,
			);
			defaultConfigurationIsVisible = 0;
			defaultConfigurationName = Release;
		};
		47D9D11D2B32E01E00785291 /* Build configuration list for PBXNativeTarget "travelDemoUITests" */ = {
			isa = XCConfigurationList;
			buildConfigurations = (
				47D9D11E2B32E01E00785291 /* Debug */,
				47D9D11F2B32E01E00785291 /* Release */,
			);
			defaultConfigurationIsVisible = 0;
			defaultConfigurationName = Release;
		};
/* End XCConfigurationList section */
	};
	rootObject = 47D9D0E52B32E01D00785291 /* Project object */;
}
